
Microsoft Visual Studio Solution File, Format Version 12.00
# Visual Studio Version 16
VisualStudioVersion = 16.0.30114.105
MinimumVisualStudioVersion = 10.0.40219.1
Project("{2150E333-8FDC-42A3-9474-1A3956D46DE8}") = "src", "src", "{F26B3F8A-6C7C-4F3D-8C17-68E541632CAF}"
EndProject
Project("{FAE04EC0-301F-11D3-BF4B-00C04F79EFBC}") = "dotnet.blazor.client", "src\dotnet.blazor.client\dotnet.blazor.client.csproj", "{E6F18EBC-FF43-4336-A9E1-4CCADC55AC29}"
EndProject
Global
	GlobalSection(SolutionConfigurationPlatforms) = preSolution
		Debug|Any CPU = Debug|Any CPU
		Release|Any CPU = Release|Any CPU
	EndGlobalSection
	GlobalSection(SolutionProperties) = preSolution
		HideSolutionNode = FALSE
	EndGlobalSection
	GlobalSection(ProjectConfigurationPlatforms) = postSolution
		{E6F18EBC-FF43-4336-A9E1-4CCADC55AC29}.Debug|Any CPU.ActiveCfg = Debug|Any CPU
		{E6F18EBC-FF43-4336-A9E1-4CCADC55AC29}.Debug|Any CPU.Build.0 = Debug|Any CPU
		{E6F18EBC-FF43-4336-A9E1-4CCADC55AC29}.Release|Any CPU.ActiveCfg = Release|Any CPU
		{E6F18EBC-FF43-4336-A9E1-4CCADC55AC29}.Release|Any CPU.Build.0 = Release|Any CPU
	EndGlobalSection
	GlobalSection(NestedProjects) = preSolution
		{E6F18EBC-FF43-4336-A9E1-4CCADC55AC29} = {F26B3F8A-6C7C-4F3D-8C17-68E541632CAF}
	EndGlobalSection
EndGlobal
